{
    "_readme": [
        "This file locks the dependencies of your project to a known state",
        "Read more about it at https://getcomposer.org/doc/01-basic-usage.md#composer-lock-the-lock-file",
        "This file is @generated automatically"
    ],
    "hash": "4e5ed3fc16db8823fee0f5f7fc193534",
    "content-hash": "e0b7b00eb7e10abdc4ebad0096478fdb",
    "packages": [
        {
            "name": "gabordemooij/redbean",
            "version": "v4.2.1",
            "source": {
                "type": "git",
                "url": "https://github.com/gabordemooij/redbean.git",
                "reference": "13610146620d7c0a66215dcaf0c8796bb03a04aa"
            },
            "dist": {
                "type": "zip",
                "url": "https://api.github.com/repos/gabordemooij/redbean/zipball/13610146620d7c0a66215dcaf0c8796bb03a04aa",
                "reference": "13610146620d7c0a66215dcaf0c8796bb03a04aa",
                "shasum": ""
            },
            "require": {
                "php": ">=5.3.4"
            },
            "type": "library",
            "autoload": {
                "psr-4": {
                    "RedBeanPHP\\": "RedBeanPHP"
                }
            },
            "notification-url": "https://packagist.org/downloads/",
            "license": [
                "New BSD and GPLv2"
            ],
            "authors": [
                {
                    "name": "Gabor de Mooij",
                    "email": "gabor@redbeanphp.com",
                    "homepage": "http://redbeanphp.com"
                }
            ],
            "description": "RedBeanPHP ORM",
            "homepage": "http://redbeanphp.com/",
            "keywords": [
                "orm"
            ],
            "time": "2015-05-09 12:22:47"
        },
        {
            "name": "redbean-fvm/redbean-fvm",
            "version": "1.0.1",
            "source": {
                "type": "git",
                "url": "https://github.com/r3wt/RedBeanFVM.git",
                "reference": "e80e1d743822cc0be225e69744f0a5e99177b75d"
            },
            "dist": {
                "type": "zip",
                "url": "https://api.github.com/repos/r3wt/RedBeanFVM/zipball/e80e1d743822cc0be225e69744f0a5e99177b75d",
                "reference": "e80e1d743822cc0be225e69744f0a5e99177b75d",
                "shasum": ""
            },
            "type": "library",
            "autoload": {
                "psr-0": {
                    "RedBeanFVM": "."
                }
            },
            "notification-url": "https://packagist.org/downloads/",
            "license": [
                "MIT"
            ],
            "authors": [
                {
                    "name": "Garrett R. Morris",
                    "email": "stuckinabox@live.com"
                }
            ],
            "description": "Redbean FVM makes Filtering,Validating , and Generating RedBean Models easy.",
            "keywords": [
                "data",
                "filter",
                "model",
                "plugin",
                "redbean",
                "validation"
            ],
            "time": "2015-05-25 04:29:26"
        },
        {
            "name": "zendframework/zend-eventmanager",
            "version": "2.5.2",
            "source": {
                "type": "git",
                "url": "https://github.com/zendframework/zend-eventmanager.git",
                "reference": "135af03d07fd048c322259aab6611d2be290475c"
            },
            "dist": {
                "type": "zip",
                "url": "https://api.github.com/repos/zendframework/zend-eventmanager/zipball/135af03d07fd048c322259aab6611d2be290475c",
                "reference": "135af03d07fd048c322259aab6611d2be290475c",
                "shasum": ""
            },
            "require": {
                "php": ">=5.5",
                "zendframework/zend-stdlib": "~2.5"
            },
            "require-dev": {
                "fabpot/php-cs-fixer": "1.7.*",
                "phpunit/phpunit": "~4.0"
            },
            "type": "library",
            "extra": {
                "branch-alias": {
                    "dev-master": "2.5-dev",
                    "dev-develop": "2.6-dev"
                }
            },
            "autoload": {
                "psr-4": {
                    "Zend\\EventManager\\": "src/"
                }
            },
            "notification-url": "https://packagist.org/downloads/",
            "license": [
                "BSD-3-Clause"
            ],
            "homepage": "https://github.com/zendframework/zend-eventmanager",
            "keywords": [
                "eventmanager",
                "zf2"
            ],
            "time": "2015-07-16 19:00:49"
        },
        {
            "name": "zendframework/zend-hydrator",
            "version": "1.0.0",
            "source": {
                "type": "git",
                "url": "https://github.com/zendframework/zend-hydrator.git",
                "reference": "f3ed8b833355140350bbed98d8a7b8b66875903f"
            },
            "dist": {
                "type": "zip",
                "url": "https://api.github.com/repos/zendframework/zend-hydrator/zipball/f3ed8b833355140350bbed98d8a7b8b66875903f",
                "reference": "f3ed8b833355140350bbed98d8a7b8b66875903f",
                "shasum": ""
            },
            "require": {
                "php": ">=5.5",
                "zendframework/zend-stdlib": "^2.5.1"
            },
            "require-dev": {
                "phpunit/phpunit": "~4.0",
                "squizlabs/php_codesniffer": "^2.0@dev",
                "zendframework/zend-eventmanager": "^2.5.1",
                "zendframework/zend-filter": "^2.5.1",
                "zendframework/zend-inputfilter": "^2.5.1",
                "zendframework/zend-serializer": "^2.5.1",
                "zendframework/zend-servicemanager": "^2.5.1"
            },
            "suggest": {
                "zendframework/zend-eventmanager": "^2.5.1, to support aggregate hydrator usage",
                "zendframework/zend-filter": "^2.5.1, to support naming strategy hydrator usage",
                "zendframework/zend-serializer": "^2.5.1, to use the SerializableStrategy",
                "zendframework/zend-servicemanager": "^2.5.1, to support hydrator plugin manager usage"
            },
            "type": "library",
            "extra": {
                "branch-alias": {
                    "dev-master": "1.0-dev",
                    "dev-develop": "1.1-dev"
                }
            },
            "autoload": {
                "psr-4": {
                    "Zend\\Hydrator\\": "src/"
                }
            },
            "notification-url": "https://packagist.org/downloads/",
            "license": [
                "BSD-3-Clause"
            ],
            "homepage": "https://github.com/zendframework/zend-hydrator",
            "keywords": [
                "hydrator",
                "zf2"
            ],
            "time": "2015-09-17 14:06:43"
        },
        {
            "name": "zendframework/zend-session",
            "version": "2.5.2",
            "source": {
                "type": "git",
                "url": "https://github.com/zendframework/zend-session.git",
                "reference": "f66caae318c40edb8a6edc22cc2a4e286cb4d064"
            },
            "dist": {
                "type": "zip",
                "url": "https://api.github.com/repos/zendframework/zend-session/zipball/f66caae318c40edb8a6edc22cc2a4e286cb4d064",
                "reference": "f66caae318c40edb8a6edc22cc2a4e286cb4d064",
                "shasum": ""
            },
            "require": {
                "php": ">=5.5",
                "zendframework/zend-eventmanager": "~2.5",
                "zendframework/zend-stdlib": "~2.5"
            },
            "require-dev": {
                "fabpot/php-cs-fixer": "1.7.*",
                "phpunit/phpunit": "~4.0",
                "zendframework/zend-cache": "~2.5",
                "zendframework/zend-db": "~2.5",
                "zendframework/zend-http": "~2.5",
                "zendframework/zend-servicemanager": "~2.5",
                "zendframework/zend-validator": "~2.5"
            },
            "suggest": {
                "zendframework/zend-cache": "Zend\\Cache component",
                "zendframework/zend-db": "Zend\\Db component",
                "zendframework/zend-eventmanager": "Zend\\EventManager component",
                "zendframework/zend-http": "Zend\\Http component",
                "zendframework/zend-servicemanager": "Zend\\ServiceManager component",
                "zendframework/zend-validator": "Zend\\Validator component"
            },
            "type": "library",
            "extra": {
                "branch-alias": {
                    "dev-master": "2.5-dev",
                    "dev-develop": "2.6-dev"
                }
            },
            "autoload": {
                "psr-4": {
                    "Zend\\Session\\": "src/"
                }
            },
            "notification-url": "https://packagist.org/downloads/",
            "license": [
                "BSD-3-Clause"
            ],
            "description": "manage and preserve session data, a logical complement of cookie data, across multiple page requests by the same client",
            "homepage": "https://github.com/zendframework/zend-session",
            "keywords": [
                "session",
                "zf2"
            ],
            "time": "2015-07-29 19:44:43"
        },
        {
            "name": "zendframework/zend-stdlib",
            "version": "2.7.4",
            "source": {
                "type": "git",
                "url": "https://github.com/zendframework/zend-stdlib.git",
                "reference": "cae029346a33663b998507f94962eb27de060683"
            },
            "dist": {
                "type": "zip",
                "url": "https://api.github.com/repos/zendframework/zend-stdlib/zipball/cae029346a33663b998507f94962eb27de060683",
                "reference": "cae029346a33663b998507f94962eb27de060683",
                "shasum": ""
            },
            "require": {
                "php": ">=5.5",
                "zendframework/zend-hydrator": "~1.0"
            },
            "require-dev": {
                "athletic/athletic": "~0.1",
                "fabpot/php-cs-fixer": "1.7.*",
                "phpunit/phpunit": "~4.0",
                "zendframework/zend-config": "~2.5",
                "zendframework/zend-eventmanager": "~2.5",
                "zendframework/zend-filter": "~2.5",
                "zendframework/zend-inputfilter": "~2.5",
                "zendframework/zend-serializer": "~2.5",
                "zendframework/zend-servicemanager": "~2.5"
            },
            "suggest": {
                "zendframework/zend-eventmanager": "To support aggregate hydrator usage",
                "zendframework/zend-filter": "To support naming strategy hydrator usage",
                "zendframework/zend-serializer": "Zend\\Serializer component",
                "zendframework/zend-servicemanager": "To support hydrator plugin manager usage"
            },
            "type": "library",
            "extra": {
                "branch-alias": {
                    "dev-master": "2.7-dev",
                    "dev-develop": "2.8-dev"
                }
            },
            "autoload": {
                "psr-4": {
                    "Zend\\Stdlib\\": "src/"
                }
            },
            "notification-url": "https://packagist.org/downloads/",
            "license": [
                "BSD-3-Clause"
            ],
            "homepage": "https://github.com/zendframework/zend-stdlib",
            "keywords": [
                "stdlib",
                "zf2"
            ],
            "time": "2015-10-15 15:57:32"
        }
    ],
    "packages-dev": [],
    "aliases": [],
    "minimum-stability": "stable",
    "stability-flags": [],
    "prefer-stable": false,
    "prefer-lowest": false,
    "platform": [],
    "platform-dev": []
}
